// !$*UTF8*$!
{
	archiveVersion = 1;
	classes = {
	};
	objectVersion = 56;
	objects = {

/* Begin PBXBuildFile section */
		319C32672BB264A20003F0A8 /* reMindApp.swift in Sources */ = {isa = PBXBuildFile; fileRef = 319C32662BB264A20003F0A8 /* reMindApp.swift */; };
		319C32692BB264A20003F0A8 /* ContentView.swift in Sources */ = {isa = PBXBuildFile; fileRef = 319C32682BB264A20003F0A8 /* ContentView.swift */; };
		319C326B2BB264A30003F0A8 /* Assets.xcassets in Resources */ = {isa = PBXBuildFile; fileRef = 319C326A2BB264A30003F0A8 /* Assets.xcassets */; };
		319C326E2BB264A30003F0A8 /* Preview Assets.xcassets in Resources */ = {isa = PBXBuildFile; fileRef = 319C326D2BB264A30003F0A8 /* Preview Assets.xcassets */; };
		319C32802BB268140003F0A8 /* Assets.xcassets in Resources */ = {isa = PBXBuildFile; fileRef = 319C327F2BB268140003F0A8 /* Assets.xcassets */; };
		319C32822BB925A10003F0A8 /* Palette.swift in Sources */ = {isa = PBXBuildFile; fileRef = 319C32812BB925A10003F0A8 /* Palette.swift */; };
		31D2B8E42BB9311000FD613B /* reBackground.swift in Sources */ = {isa = PBXBuildFile; fileRef = 31D2B8E32BB9311000FD613B /* reBackground.swift */; };
		31D2B8E92BB9FE8000FD613B /* BoxCardView.swift in Sources */ = {isa = PBXBuildFile; fileRef = 31D2B8E82BB9FE8000FD613B /* BoxCardView.swift */; };
		31D2B8EB2BBA049E00FD613B /* reBadge.swift in Sources */ = {isa = PBXBuildFile; fileRef = 31D2B8EA2BBA049E00FD613B /* reBadge.swift */; };
		31D2B8EE2BBA1D9300FD613B /* reTextField.swift in Sources */ = {isa = PBXBuildFile; fileRef = 31D2B8ED2BBA1D9300FD613B /* reTextField.swift */; };
		31D2B8F02BBA20D400FD613B /* reTextFieldStyle.swift in Sources */ = {isa = PBXBuildFile; fileRef = 31D2B8EF2BBA20D400FD613B /* reTextFieldStyle.swift */; };
		31D2B8F22BBA234000FD613B /* BoxEditorView.swift in Sources */ = {isa = PBXBuildFile; fileRef = 31D2B8F12BBA234000FD613B /* BoxEditorView.swift */; };
		31D2B8F42BBA2AFE00FD613B /* reTextEditor.swift in Sources */ = {isa = PBXBuildFile; fileRef = 31D2B8F32BBA2AFE00FD613B /* reTextEditor.swift */; };
/* End PBXBuildFile section */

/* Begin PBXFileReference section */
		319C32632BB264A20003F0A8 /* reMind.app */ = {isa = PBXFileReference; explicitFileType = wrapper.application; includeInIndex = 0; path = reMind.app; sourceTree = BUILT_PRODUCTS_DIR; };
		319C32662BB264A20003F0A8 /* reMindApp.swift */ = {isa = PBXFileReference; lastKnownFileType = sourcecode.swift; path = reMindApp.swift; sourceTree = "<group>"; };
		319C32682BB264A20003F0A8 /* ContentView.swift */ = {isa = PBXFileReference; lastKnownFileType = sourcecode.swift; path = ContentView.swift; sourceTree = "<group>"; };
		319C326A2BB264A30003F0A8 /* Assets.xcassets */ = {isa = PBXFileReference; lastKnownFileType = folder.assetcatalog; path = Assets.xcassets; sourceTree = "<group>"; };
		319C326D2BB264A30003F0A8 /* Preview Assets.xcassets */ = {isa = PBXFileReference; lastKnownFileType = folder.assetcatalog; path = "Preview Assets.xcassets"; sourceTree = "<group>"; };
		319C327F2BB268140003F0A8 /* Assets.xcassets */ = {isa = PBXFileReference; lastKnownFileType = folder.assetcatalog; path = Assets.xcassets; sourceTree = "<group>"; };
		319C32812BB925A10003F0A8 /* Palette.swift */ = {isa = PBXFileReference; lastKnownFileType = sourcecode.swift; path = Palette.swift; sourceTree = "<group>"; };
		31D2B8E32BB9311000FD613B /* reBackground.swift */ = {isa = PBXFileReference; lastKnownFileType = sourcecode.swift; path = reBackground.swift; sourceTree = "<group>"; };
		31D2B8E82BB9FE8000FD613B /* BoxCardView.swift */ = {isa = PBXFileReference; lastKnownFileType = sourcecode.swift; path = BoxCardView.swift; sourceTree = "<group>"; };
		31D2B8EA2BBA049E00FD613B /* reBadge.swift */ = {isa = PBXFileReference; lastKnownFileType = sourcecode.swift; path = reBadge.swift; sourceTree = "<group>"; };
		31D2B8ED2BBA1D9300FD613B /* reTextField.swift */ = {isa = PBXFileReference; lastKnownFileType = sourcecode.swift; path = reTextField.swift; sourceTree = "<group>"; };
		31D2B8EF2BBA20D400FD613B /* reTextFieldStyle.swift */ = {isa = PBXFileReference; lastKnownFileType = sourcecode.swift; path = reTextFieldStyle.swift; sourceTree = "<group>"; };
		31D2B8F12BBA234000FD613B /* BoxEditorView.swift */ = {isa = PBXFileReference; lastKnownFileType = sourcecode.swift; path = BoxEditorView.swift; sourceTree = "<group>"; };
		31D2B8F32BBA2AFE00FD613B /* reTextEditor.swift */ = {isa = PBXFileReference; lastKnownFileType = sourcecode.swift; path = reTextEditor.swift; sourceTree = "<group>"; };
/* End PBXFileReference section */

/* Begin PBXFrameworksBuildPhase section */
		319C32602BB264A20003F0A8 /* Frameworks */ = {
			isa = PBXFrameworksBuildPhase;
			buildActionMask = 2147483647;
			files = (
			);
			runOnlyForDeploymentPostprocessing = 0;
		};
/* End PBXFrameworksBuildPhase section */

/* Begin PBXGroup section */
		319C325A2BB264A20003F0A8 = {
			isa = PBXGroup;
			children = (
				319C32652BB264A20003F0A8 /* reMind */,
				319C32642BB264A20003F0A8 /* Products */,
			);
			sourceTree = "<group>";
		};
		319C32642BB264A20003F0A8 /* Products */ = {
			isa = PBXGroup;
			children = (
				319C32632BB264A20003F0A8 /* reMind.app */,
			);
			name = Products;
			sourceTree = "<group>";
		};
		319C32652BB264A20003F0A8 /* reMind */ = {
			isa = PBXGroup;
			children = (
				319C326C2BB264A30003F0A8 /* Preview Content */,
				319C32742BB265090003F0A8 /* App */,
				319C32752BB265250003F0A8 /* Utils */,
				319C327B2BB265EA0003F0A8 /* Features */,
				319C327D2BB266270003F0A8 /* Services */,
				319C327E2BB2665A0003F0A8 /* Resources */,
			);
			path = reMind;
			sourceTree = "<group>";
		};
		319C326C2BB264A30003F0A8 /* Preview Content */ = {
			isa = PBXGroup;
			children = (
				319C326D2BB264A30003F0A8 /* Preview Assets.xcassets */,
			);
			path = "Preview Content";
			sourceTree = "<group>";
		};
		319C32742BB265090003F0A8 /* App */ = {
			isa = PBXGroup;
			children = (
				319C32662BB264A20003F0A8 /* reMindApp.swift */,
			);
			path = App;
			sourceTree = "<group>";
		};
		319C32752BB265250003F0A8 /* Utils */ = {
			isa = PBXGroup;
			children = (
				319C327A2BB265A60003F0A8 /* Modifiers */,
				319C32792BB265790003F0A8 /* Styles */,
				319C32782BB265670003F0A8 /* Components */,
				319C32772BB2654D0003F0A8 /* Extensions */,
				319C32762BB2653E0003F0A8 /* Protocols */,
			);
			path = Utils;
			sourceTree = "<group>";
		};
		319C32762BB2653E0003F0A8 /* Protocols */ = {
			isa = PBXGroup;
			children = (
			);
			path = Protocols;
			sourceTree = "<group>";
		};
		319C32772BB2654D0003F0A8 /* Extensions */ = {
			isa = PBXGroup;
			children = (
			);
			path = Extensions;
			sourceTree = "<group>";
		};
		319C32782BB265670003F0A8 /* Components */ = {
			isa = PBXGroup;
			children = (
				31D2B8E32BB9311000FD613B /* reBackground.swift */,
				31D2B8ED2BBA1D9300FD613B /* reTextField.swift */,
				31D2B8F32BBA2AFE00FD613B /* reTextEditor.swift */,
			);
			path = Components;
			sourceTree = "<group>";
		};
		319C32792BB265790003F0A8 /* Styles */ = {
			isa = PBXGroup;
			children = (
				319C32812BB925A10003F0A8 /* Palette.swift */,
				31D2B8EF2BBA20D400FD613B /* reTextFieldStyle.swift */,
			);
			path = Styles;
			sourceTree = "<group>";
		};
		319C327A2BB265A60003F0A8 /* Modifiers */ = {
			isa = PBXGroup;
			children = (
				31D2B8EA2BBA049E00FD613B /* reBadge.swift */,
			);
			path = Modifiers;
			sourceTree = "<group>";
		};
		319C327B2BB265EA0003F0A8 /* Features */ = {
			isa = PBXGroup;
			children = (
				319C327C2BB265FD0003F0A8 /* Boxes */,
				31D2B8EC2BBA1CDD00FD613B /* BoxEditor */,
			);
			path = Features;
			sourceTree = "<group>";
		};
		319C327C2BB265FD0003F0A8 /* Boxes */ = {
			isa = PBXGroup;
			children = (
				31D2B8E52BB9FE2200FD613B /* Components */,
				319C32682BB264A20003F0A8 /* ContentView.swift */,
			);
			path = Boxes;
			sourceTree = "<group>";
		};
		319C327D2BB266270003F0A8 /* Services */ = {
			isa = PBXGroup;
			children = (
				319C327F2BB268140003F0A8 /* Assets.xcassets */,
			);
			path = Services;
			sourceTree = "<group>";
		};
		319C327E2BB2665A0003F0A8 /* Resources */ = {
			isa = PBXGroup;
			children = (
				319C326A2BB264A30003F0A8 /* Assets.xcassets */,
			);
			path = Resources;
			sourceTree = "<group>";
		};
		31D2B8E52BB9FE2200FD613B /* Components */ = {
			isa = PBXGroup;
			children = (
				31D2B8E82BB9FE8000FD613B /* BoxCardView.swift */,
			);
			path = Components;
			sourceTree = "<group>";
		};
		31D2B8EC2BBA1CDD00FD613B /* BoxEditor */ = {
			isa = PBXGroup;
			children = (
				31D2B8F12BBA234000FD613B /* BoxEditorView.swift */,
			);
			path = BoxEditor;
			sourceTree = "<group>";
		};
/* End PBXGroup section */

/* Begin PBXNativeTarget section */
		319C32622BB264A20003F0A8 /* reMind */ = {
			isa = PBXNativeTarget;
			buildConfigurationList = 319C32712BB264A30003F0A8 /* Build configuration list for PBXNativeTarget "reMind" */;
			buildPhases = (
				319C325F2BB264A20003F0A8 /* Sources */,
				319C32602BB264A20003F0A8 /* Frameworks */,
				319C32612BB264A20003F0A8 /* Resources */,
			);
			buildRules = (
			);
			dependencies = (
			);
			name = reMind;
			productName = reMind;
			productReference = 319C32632BB264A20003F0A8 /* reMind.app */;
			productType = "com.apple.product-type.application";
		};
/* End PBXNativeTarget section */

/* Begin PBXProject section */
		319C325B2BB264A20003F0A8 /* Project object */ = {
			isa = PBXProject;
			attributes = {
				BuildIndependentTargetsInParallel = 1;
				LastSwiftUpdateCheck = 1530;
				LastUpgradeCheck = 1530;
				TargetAttributes = {
					319C32622BB264A20003F0A8 = {
						CreatedOnToolsVersion = 15.3;
					};
				};
			};
			buildConfigurationList = 319C325E2BB264A20003F0A8 /* Build configuration list for PBXProject "reMind" */;
			compatibilityVersion = "Xcode 14.0";
			developmentRegion = en;
			hasScannedForEncodings = 0;
			knownRegions = (
				en,
				Base,
			);
			mainGroup = 319C325A2BB264A20003F0A8;
			productRefGroup = 319C32642BB264A20003F0A8 /* Products */;
			projectDirPath = "";
			projectRoot = "";
			targets = (
				319C32622BB264A20003F0A8 /* reMind */,
			);
		};
/* End PBXProject section */

/* Begin PBXResourcesBuildPhase section */
		319C32612BB264A20003F0A8 /* Resources */ = {
			isa = PBXResourcesBuildPhase;
			buildActionMask = 2147483647;
			files = (
				319C326E2BB264A30003F0A8 /* Preview Assets.xcassets in Resources */,
				319C32802BB268140003F0A8 /* Assets.xcassets in Resources */,
				319C326B2BB264A30003F0A8 /* Assets.xcassets in Resources */,
			);
			runOnlyForDeploymentPostprocessing = 0;
		};
/* End PBXResourcesBuildPhase section */

/* Begin PBXSourcesBuildPhase section */
		319C325F2BB264A20003F0A8 /* Sources */ = {
			isa = PBXSourcesBuildPhase;
			buildActionMask = 2147483647;
			files = (
				31D2B8EE2BBA1D9300FD613B /* reTextField.swift in Sources */,
				31D2B8E42BB9311000FD613B /* reBackground.swift in Sources */,
				31D2B8F02BBA20D400FD613B /* reTextFieldStyle.swift in Sources */,
				319C32822BB925A10003F0A8 /* Palette.swift in Sources */,
				31D2B8F42BBA2AFE00FD613B /* reTextEditor.swift in Sources */,
				31D2B8F22BBA234000FD613B /* BoxEditorView.swift in Sources */,
				31D2B8EB2BBA049E00FD613B /* reBadge.swift in Sources */,
				319C32692BB264A20003F0A8 /* ContentView.swift in Sources */,
				319C32672BB264A20003F0A8 /* reMindApp.swift in Sources */,
				31D2B8E92BB9FE8000FD613B /* BoxCardView.swift in Sources */,
			);
			runOnlyForDeploymentPostprocessing = 0;
		};
/* End PBXSourcesBuildPhase section */

/* Begin XCBuildConfiguration section */
		319C326F2BB264A30003F0A8 /* Debug */ = {
			isa = XCBuildConfiguration;
			buildSettings = {
				ALWAYS_SEARCH_USER_PATHS = NO;
				ASSETCATALOG_COMPILER_GENERATE_SWIFT_ASSET_SYMBOL_EXTENSIONS = YES;
				CLANG_ANALYZER_NONNULL = YES;
				CLANG_ANALYZER_NUMBER_OBJECT_CONVERSION = YES_AGGRESSIVE;
				CLANG_CXX_LANGUAGE_STANDARD = "gnu++20";
				CLANG_ENABLE_MODULES = YES;
				CLANG_ENABLE_OBJC_ARC = YES;
				CLANG_ENABLE_OBJC_WEAK = YES;
				CLANG_WARN_BLOCK_CAPTURE_AUTORELEASING = YES;
				CLANG_WARN_BOOL_CONVERSION = YES;
				CLANG_WARN_COMMA = YES;
				CLANG_WARN_CONSTANT_CONVERSION = YES;
				CLANG_WARN_DEPRECATED_OBJC_IMPLEMENTATIONS = YES;
				CLANG_WARN_DIRECT_OBJC_ISA_USAGE = YES_ERROR;
				CLANG_WARN_DOCUMENTATION_COMMENTS = YES;
				CLANG_WARN_EMPTY_BODY = YES;
				CLANG_WARN_ENUM_CONVERSION = YES;
				CLANG_WARN_INFINITE_RECURSION = YES;
				CLANG_WARN_INT_CONVERSION = YES;
				CLANG_WARN_NON_LITERAL_NULL_CONVERSION = YES;
				CLANG_WARN_OBJC_IMPLICIT_RETAIN_SELF = YES;
				CLANG_WARN_OBJC_LITERAL_CONVERSION = YES;
				CLANG_WARN_OBJC_ROOT_CLASS = YES_ERROR;
				CLANG_WARN_QUOTED_INCLUDE_IN_FRAMEWORK_HEADER = YES;
				CLANG_WARN_RANGE_LOOP_ANALYSIS = YES;
				CLANG_WARN_STRICT_PROTOTYPES = YES;
				CLANG_WARN_SUSPICIOUS_MOVE = YES;
				CLANG_WARN_UNGUARDED_AVAILABILITY = YES_AGGRESSIVE;
				CLANG_WARN_UNREACHABLE_CODE = YES;
				CLANG_WARN__DUPLICATE_METHOD_MATCH = YES;
				COPY_PHASE_STRIP = NO;
				DEBUG_INFORMATION_FORMAT = dwarf;
				ENABLE_STRICT_OBJC_MSGSEND = YES;
				ENABLE_TESTABILITY = YES;
				ENABLE_USER_SCRIPT_SANDBOXING = YES;
				GCC_C_LANGUAGE_STANDARD = gnu17;
				GCC_DYNAMIC_NO_PIC = NO;
				GCC_NO_COMMON_BLOCKS = YES;
				GCC_OPTIMIZATION_LEVEL = 0;
				GCC_PREPROCESSOR_DEFINITIONS = (
					"DEBUG=1",
					"$(inherited)",
				);
				GCC_WARN_64_TO_32_BIT_CONVERSION = YES;
				GCC_WARN_ABOUT_RETURN_TYPE = YES_ERROR;
				GCC_WARN_UNDECLARED_SELECTOR = YES;
				GCC_WARN_UNINITIALIZED_AUTOS = YES_AGGRESSIVE;
				GCC_WARN_UNUSED_FUNCTION = YES;
				GCC_WARN_UNUSED_VARIABLE = YES;
				IPHONEOS_DEPLOYMENT_TARGET = 17.4;
				LOCALIZATION_PREFERS_STRING_CATALOGS = YES;
				MTL_ENABLE_DEBUG_INFO = INCLUDE_SOURCE;
				MTL_FAST_MATH = YES;
				ONLY_ACTIVE_ARCH = YES;
				SDKROOT = iphoneos;
				SWIFT_ACTIVE_COMPILATION_CONDITIONS = "DEBUG $(inherited)";
				SWIFT_OPTIMIZATION_LEVEL = "-Onone";
			};
			name = Debug;
		};
		319C32702BB264A30003F0A8 /* Release */ = {
			isa = XCBuildConfiguration;
			buildSettings = {
				ALWAYS_SEARCH_USER_PATHS = NO;
				ASSETCATALOG_COMPILER_GENERATE_SWIFT_ASSET_SYMBOL_EXTENSIONS = YES;
				CLANG_ANALYZER_NONNULL = YES;
				CLANG_ANALYZER_NUMBER_OBJECT_CONVERSION = YES_AGGRESSIVE;
				CLANG_CXX_LANGUAGE_STANDARD = "gnu++20";
				CLANG_ENABLE_MODULES = YES;
				CLANG_ENABLE_OBJC_ARC = YES;
				CLANG_ENABLE_OBJC_WEAK = YES;
				CLANG_WARN_BLOCK_CAPTURE_AUTORELEASING = YES;
				CLANG_WARN_BOOL_CONVERSION = YES;
				CLANG_WARN_COMMA = YES;
				CLANG_WARN_CONSTANT_CONVERSION = YES;
				CLANG_WARN_DEPRECATED_OBJC_IMPLEMENTATIONS = YES;
				CLANG_WARN_DIRECT_OBJC_ISA_USAGE = YES_ERROR;
				CLANG_WARN_DOCUMENTATION_COMMENTS = YES;
				CLANG_WARN_EMPTY_BODY = YES;
				CLANG_WARN_ENUM_CONVERSION = YES;
				CLANG_WARN_INFINITE_RECURSION = YES;
				CLANG_WARN_INT_CONVERSION = YES;
				CLANG_WARN_NON_LITERAL_NULL_CONVERSION = YES;
				CLANG_WARN_OBJC_IMPLICIT_RETAIN_SELF = YES;
				CLANG_WARN_OBJC_LITERAL_CONVERSION = YES;
				CLANG_WARN_OBJC_ROOT_CLASS = YES_ERROR;
				CLANG_WARN_QUOTED_INCLUDE_IN_FRAMEWORK_HEADER = YES;
				CLANG_WARN_RANGE_LOOP_ANALYSIS = YES;
				CLANG_WARN_STRICT_PROTOTYPES = YES;
				CLANG_WARN_SUSPICIOUS_MOVE = YES;
				CLANG_WARN_UNGUARDED_AVAILABILITY = YES_AGGRESSIVE;
				CLANG_WARN_UNREACHABLE_CODE = YES;
				CLANG_WARN__DUPLICATE_METHOD_MATCH = YES;
				COPY_PHASE_STRIP = NO;
				DEBUG_INFORMATION_FORMAT = "dwarf-with-dsym";
				ENABLE_NS_ASSERTIONS = NO;
				ENABLE_STRICT_OBJC_MSGSEND = YES;
				ENABLE_USER_SCRIPT_SANDBOXING = YES;
				GCC_C_LANGUAGE_STANDARD = gnu17;
				GCC_NO_COMMON_BLOCKS = YES;
				GCC_WARN_64_TO_32_BIT_CONVERSION = YES;
				GCC_WARN_ABOUT_RETURN_TYPE = YES_ERROR;
				GCC_WARN_UNDECLARED_SELECTOR = YES;
				GCC_WARN_UNINITIALIZED_AUTOS = YES_AGGRESSIVE;
				GCC_WARN_UNUSED_FUNCTION = YES;
				GCC_WARN_UNUSED_VARIABLE = YES;
				IPHONEOS_DEPLOYMENT_TARGET = 17.4;
				LOCALIZATION_PREFERS_STRING_CATALOGS = YES;
				MTL_ENABLE_DEBUG_INFO = NO;
				MTL_FAST_MATH = YES;
				SDKROOT = iphoneos;
				SWIFT_COMPILATION_MODE = wholemodule;
				VALIDATE_PRODUCT = YES;
			};
			name = Release;
		};
		319C32722BB264A30003F0A8 /* Debug */ = {
			isa = XCBuildConfiguration;
			buildSettings = {
				ASSETCATALOG_COMPILER_APPICON_NAME = AppIcon;
				ASSETCATALOG_COMPILER_GLOBAL_ACCENT_COLOR_NAME = AccentColor;
				CODE_SIGN_STYLE = Automatic;
				CURRENT_PROJECT_VERSION = 1;
				DEVELOPMENT_ASSET_PATHS = "\"reMind/Preview Content\"";
				ENABLE_PREVIEWS = YES;
				GENERATE_INFOPLIST_FILE = YES;
				INFOPLIST_KEY_UIApplicationSceneManifest_Generation = YES;
				INFOPLIST_KEY_UIApplicationSupportsIndirectInputEvents = YES;
				INFOPLIST_KEY_UILaunchScreen_Generation = YES;
				INFOPLIST_KEY_UISupportedInterfaceOrientations_iPad = "UIInterfaceOrientationPortrait UIInterfaceOrientationPortraitUpsideDown UIInterfaceOrientationLandscapeLeft UIInterfaceOrientationLandscapeRight";
				INFOPLIST_KEY_UISupportedInterfaceOrientations_iPhone = "UIInterfaceOrientationPortrait UIInterfaceOrientationLandscapeLeft UIInterfaceOrientationLandscapeRight";
				LD_RUNPATH_SEARCH_PATHS = (
					"$(inherited)",
					"@executable_path/Frameworks",
				);
				MARKETING_VERSION = 1.0;
				PRODUCT_BUNDLE_IDENTIFIER = com.flavioMattos.reMind;
				PRODUCT_NAME = "$(TARGET_NAME)";
				SWIFT_EMIT_LOC_STRINGS = YES;
				SWIFT_VERSION = 5.0;
				TARGETED_DEVICE_FAMILY = "1,2";
			};
			name = Debug;
		};
		319C32732BB264A30003F0A8 /* Release */ = {
			isa = XCBuildConfiguration;
			buildSettings = {
				ASSETCATALOG_COMPILER_APPICON_NAME = AppIcon;
				ASSETCATALOG_COMPILER_GLOBAL_ACCENT_COLOR_NAME = AccentColor;
				CODE_SIGN_STYLE = Automatic;
				CURRENT_PROJECT_VERSION = 1;
				DEVELOPMENT_ASSET_PATHS = "\"reMind/Preview Content\"";
				ENABLE_PREVIEWS = YES;
				GENERATE_INFOPLIST_FILE = YES;
				INFOPLIST_KEY_UIApplicationSceneManifest_Generation = YES;
				INFOPLIST_KEY_UIApplicationSupportsIndirectInputEvents = YES;
				INFOPLIST_KEY_UILaunchScreen_Generation = YES;
				INFOPLIST_KEY_UISupportedInterfaceOrientations_iPad = "UIInterfaceOrientationPortrait UIInterfaceOrientationPortraitUpsideDown UIInterfaceOrientationLandscapeLeft UIInterfaceOrientationLandscapeRight";
				INFOPLIST_KEY_UISupportedInterfaceOrientations_iPhone = "UIInterfaceOrientationPortrait UIInterfaceOrientationLandscapeLeft UIInterfaceOrientationLandscapeRight";
				LD_RUNPATH_SEARCH_PATHS = (
					"$(inherited)",
					"@executable_path/Frameworks",
				);
				MARKETING_VERSION = 1.0;
				PRODUCT_BUNDLE_IDENTIFIER = com.flavioMattos.reMind;
				PRODUCT_NAME = "$(TARGET_NAME)";
				SWIFT_EMIT_LOC_STRINGS = YES;
				SWIFT_VERSION = 5.0;
				TARGETED_DEVICE_FAMILY = "1,2";
			};
			name = Release;
		};
/* End XCBuildConfiguration section */

/* Begin XCConfigurationList section */
		319C325E2BB264A20003F0A8 /* Build configuration list for PBXProject "reMind" */ = {
			isa = XCConfigurationList;
			buildConfigurations = (
				319C326F2BB264A30003F0A8 /* Debug */,
				319C32702BB264A30003F0A8 /* Release */,
			);
			defaultConfigurationIsVisible = 0;
			defaultConfigurationName = Release;
		};
		319C32712BB264A30003F0A8 /* Build configuration list for PBXNativeTarget "reMind" */ = {
			isa = XCConfigurationList;
			buildConfigurations = (
				319C32722BB264A30003F0A8 /* Debug */,
				319C32732BB264A30003F0A8 /* Release */,
			);
			defaultConfigurationIsVisible = 0;
			defaultConfigurationName = Release;
		};
/* End XCConfigurationList section */
	};
	rootObject = 319C325B2BB264A20003F0A8 /* Project object */;
}
